// !$*UTF8*$!
{
	archiveVersion = 1;
	classes = {
	};
	objectVersion = 56;
	objects = {

/* Begin PBXBuildFile section */
		7B2F49E729DF660E00DFCE8B /* DeepLinkApp.swift in Sources */ = {isa = PBXBuildFile; fileRef = 7B2F49E629DF660E00DFCE8B /* DeepLinkApp.swift */; };
		7B2F49E929DF660E00DFCE8B /* ContentView.swift in Sources */ = {isa = PBXBuildFile; fileRef = 7B2F49E829DF660E00DFCE8B /* ContentView.swift */; };
		7B2F49EB29DF661100DFCE8B /* Assets.xcassets in Resources */ = {isa = PBXBuildFile; fileRef = 7B2F49EA29DF661100DFCE8B /* Assets.xcassets */; };
		7B2F49EE29DF661100DFCE8B /* Preview Assets.xcassets in Resources */ = {isa = PBXBuildFile; fileRef = 7B2F49ED29DF661100DFCE8B /* Preview Assets.xcassets */; };
		7B2F49F829DF661100DFCE8B /* DeepLinkTests.swift in Sources */ = {isa = PBXBuildFile; fileRef = 7B2F49F729DF661100DFCE8B /* DeepLinkTests.swift */; };
		7B2F4A0229DF661100DFCE8B /* DeepLinkUITests.swift in Sources */ = {isa = PBXBuildFile; fileRef = 7B2F4A0129DF661100DFCE8B /* DeepLinkUITests.swift */; };
		7B2F4A0429DF661100DFCE8B /* DeepLinkUITestsLaunchTests.swift in Sources */ = {isa = PBXBuildFile; fileRef = 7B2F4A0329DF661100DFCE8B /* DeepLinkUITestsLaunchTests.swift */; };
		7B2F4A1329DF67CB00DFCE8B /* Tab.swift in Sources */ = {isa = PBXBuildFile; fileRef = 7B2F4A1229DF67CA00DFCE8B /* Tab.swift */; };
		7B2F4A1829DF69DF00DFCE8B /* HomeStack.swift in Sources */ = {isa = PBXBuildFile; fileRef = 7B2F4A1729DF69DF00DFCE8B /* HomeStack.swift */; };
		7B2F4A1A29DF69ED00DFCE8B /* FavoriteStack.swift in Sources */ = {isa = PBXBuildFile; fileRef = 7B2F4A1929DF69ED00DFCE8B /* FavoriteStack.swift */; };
		7B2F4A1E29DF6A1A00DFCE8B /* SettingsStack.swift in Sources */ = {isa = PBXBuildFile; fileRef = 7B2F4A1D29DF6A1A00DFCE8B /* SettingsStack.swift */; };
/* End PBXBuildFile section */

/* Begin PBXContainerItemProxy section */
		7B2F49F429DF661100DFCE8B /* PBXContainerItemProxy */ = {
			isa = PBXContainerItemProxy;
			containerPortal = 7B2F49DB29DF660E00DFCE8B /* Project object */;
			proxyType = 1;
			remoteGlobalIDString = 7B2F49E229DF660E00DFCE8B;
			remoteInfo = DeepLink;
		};
		7B2F49FE29DF661100DFCE8B /* PBXContainerItemProxy */ = {
			isa = PBXContainerItemProxy;
			containerPortal = 7B2F49DB29DF660E00DFCE8B /* Project object */;
			proxyType = 1;
			remoteGlobalIDString = 7B2F49E229DF660E00DFCE8B;
			remoteInfo = DeepLink;
		};
/* End PBXContainerItemProxy section */

/* Begin PBXFileReference section */
		7B2F49E329DF660E00DFCE8B /* DeepLink.app */ = {isa = PBXFileReference; explicitFileType = wrapper.application; includeInIndex = 0; path = DeepLink.app; sourceTree = BUILT_PRODUCTS_DIR; };
		7B2F49E629DF660E00DFCE8B /* DeepLinkApp.swift */ = {isa = PBXFileReference; lastKnownFileType = sourcecode.swift; path = DeepLinkApp.swift; sourceTree = "<group>"; };
		7B2F49E829DF660E00DFCE8B /* ContentView.swift */ = {isa = PBXFileReference; lastKnownFileType = sourcecode.swift; path = ContentView.swift; sourceTree = "<group>"; };
		7B2F49EA29DF661100DFCE8B /* Assets.xcassets */ = {isa = PBXFileReference; lastKnownFileType = folder.assetcatalog; path = Assets.xcassets; sourceTree = "<group>"; };
		7B2F49ED29DF661100DFCE8B /* Preview Assets.xcassets */ = {isa = PBXFileReference; lastKnownFileType = folder.assetcatalog; path = "Preview Assets.xcassets"; sourceTree = "<group>"; };
		7B2F49F329DF661100DFCE8B /* DeepLinkTests.xctest */ = {isa = PBXFileReference; explicitFileType = wrapper.cfbundle; includeInIndex = 0; path = DeepLinkTests.xctest; sourceTree = BUILT_PRODUCTS_DIR; };
		7B2F49F729DF661100DFCE8B /* DeepLinkTests.swift */ = {isa = PBXFileReference; lastKnownFileType = sourcecode.swift; path = DeepLinkTests.swift; sourceTree = "<group>"; };
		7B2F49FD29DF661100DFCE8B /* DeepLinkUITests.xctest */ = {isa = PBXFileReference; explicitFileType = wrapper.cfbundle; includeInIndex = 0; path = DeepLinkUITests.xctest; sourceTree = BUILT_PRODUCTS_DIR; };
		7B2F4A0129DF661100DFCE8B /* DeepLinkUITests.swift */ = {isa = PBXFileReference; lastKnownFileType = sourcecode.swift; path = DeepLinkUITests.swift; sourceTree = "<group>"; };
		7B2F4A0329DF661100DFCE8B /* DeepLinkUITestsLaunchTests.swift */ = {isa = PBXFileReference; lastKnownFileType = sourcecode.swift; path = DeepLinkUITestsLaunchTests.swift; sourceTree = "<group>"; };
		7B2F4A1229DF67CA00DFCE8B /* Tab.swift */ = {isa = PBXFileReference; lastKnownFileType = sourcecode.swift; path = Tab.swift; sourceTree = "<group>"; };
		7B2F4A1729DF69DF00DFCE8B /* HomeStack.swift */ = {isa = PBXFileReference; lastKnownFileType = sourcecode.swift; path = HomeStack.swift; sourceTree = "<group>"; };
		7B2F4A1929DF69ED00DFCE8B /* FavoriteStack.swift */ = {isa = PBXFileReference; lastKnownFileType = sourcecode.swift; path = FavoriteStack.swift; sourceTree = "<group>"; };
		7B2F4A1D29DF6A1A00DFCE8B /* SettingsStack.swift */ = {isa = PBXFileReference; lastKnownFileType = sourcecode.swift; path = SettingsStack.swift; sourceTree = "<group>"; };
/* End PBXFileReference section */

/* Begin PBXFrameworksBuildPhase section */
		7B2F49E029DF660E00DFCE8B /* Frameworks */ = {
			isa = PBXFrameworksBuildPhase;
			buildActionMask = 2147483647;
			files = (
			);
			runOnlyForDeploymentPostprocessing = 0;
		};
		7B2F49F029DF661100DFCE8B /* Frameworks */ = {
			isa = PBXFrameworksBuildPhase;
			buildActionMask = 2147483647;
			files = (
			);
			runOnlyForDeploymentPostprocessing = 0;
		};
		7B2F49FA29DF661100DFCE8B /* Frameworks */ = {
			isa = PBXFrameworksBuildPhase;
			buildActionMask = 2147483647;
			files = (
			);
			runOnlyForDeploymentPostprocessing = 0;
		};
/* End PBXFrameworksBuildPhase section */

/* Begin PBXGroup section */
		7B2F49DA29DF660E00DFCE8B = {
			isa = PBXGroup;
			children = (
				7B2F49E529DF660E00DFCE8B /* DeepLink */,
				7B2F49F629DF661100DFCE8B /* DeepLinkTests */,
				7B2F4A0029DF661100DFCE8B /* DeepLinkUITests */,
				7B2F49E429DF660E00DFCE8B /* Products */,
			);
			sourceTree = "<group>";
		};
		7B2F49E429DF660E00DFCE8B /* Products */ = {
			isa = PBXGroup;
			children = (
				7B2F49E329DF660E00DFCE8B /* DeepLink.app */,
				7B2F49F329DF661100DFCE8B /* DeepLinkTests.xctest */,
				7B2F49FD29DF661100DFCE8B /* DeepLinkUITests.xctest */,
			);
			name = Products;
			sourceTree = "<group>";
		};
		7B2F49E529DF660E00DFCE8B /* DeepLink */ = {
			isa = PBXGroup;
			children = (
				7B2F4A1129DF676500DFCE8B /* View */,
				7B2F4A1029DF675C00DFCE8B /* Model */,
				7B2F49E629DF660E00DFCE8B /* DeepLinkApp.swift */,
				7B2F49E829DF660E00DFCE8B /* ContentView.swift */,
				7B2F49EA29DF661100DFCE8B /* Assets.xcassets */,
				7B2F49EC29DF661100DFCE8B /* Preview Content */,
			);
			path = DeepLink;
			sourceTree = "<group>";
		};
		7B2F49EC29DF661100DFCE8B /* Preview Content */ = {
			isa = PBXGroup;
			children = (
				7B2F49ED29DF661100DFCE8B /* Preview Assets.xcassets */,
			);
			path = "Preview Content";
			sourceTree = "<group>";
		};
		7B2F49F629DF661100DFCE8B /* DeepLinkTests */ = {
			isa = PBXGroup;
			children = (
				7B2F49F729DF661100DFCE8B /* DeepLinkTests.swift */,
			);
			path = DeepLinkTests;
			sourceTree = "<group>";
		};
		7B2F4A0029DF661100DFCE8B /* DeepLinkUITests */ = {
			isa = PBXGroup;
			children = (
				7B2F4A0129DF661100DFCE8B /* DeepLinkUITests.swift */,
				7B2F4A0329DF661100DFCE8B /* DeepLinkUITestsLaunchTests.swift */,
			);
			path = DeepLinkUITests;
			sourceTree = "<group>";
		};
		7B2F4A1029DF675C00DFCE8B /* Model */ = {
			isa = PBXGroup;
			children = (
				7B2F4A1429DF699E00DFCE8B /* NavStacks */,
				7B2F4A1229DF67CA00DFCE8B /* Tab.swift */,
			);
			path = Model;
			sourceTree = "<group>";
		};
		7B2F4A1129DF676500DFCE8B /* View */ = {
			isa = PBXGroup;
			children = (
			);
			path = View;
			sourceTree = "<group>";
		};
		7B2F4A1429DF699E00DFCE8B /* NavStacks */ = {
			isa = PBXGroup;
			children = (
				7B2F4A1729DF69DF00DFCE8B /* HomeStack.swift */,
				7B2F4A1929DF69ED00DFCE8B /* FavoriteStack.swift */,
				7B2F4A1D29DF6A1A00DFCE8B /* SettingsStack.swift */,
			);
			path = NavStacks;
			sourceTree = "<group>";
		};
/* End PBXGroup section */

/* Begin PBXNativeTarget section */
		7B2F49E229DF660E00DFCE8B /* DeepLink */ = {
			isa = PBXNativeTarget;
			buildConfigurationList = 7B2F4A0729DF661100DFCE8B /* Build configuration list for PBXNativeTarget "DeepLink" */;
			buildPhases = (
				7B2F49DF29DF660E00DFCE8B /* Sources */,
				7B2F49E029DF660E00DFCE8B /* Frameworks */,
				7B2F49E129DF660E00DFCE8B /* Resources */,
			);
			buildRules = (
			);
			dependencies = (
			);
			name = DeepLink;
			productName = DeepLink;
			productReference = 7B2F49E329DF660E00DFCE8B /* DeepLink.app */;
			productType = "com.apple.product-type.application";
		};
		7B2F49F229DF661100DFCE8B /* DeepLinkTests */ = {
			isa = PBXNativeTarget;
			buildConfigurationList = 7B2F4A0A29DF661100DFCE8B /* Build configuration list for PBXNativeTarget "DeepLinkTests" */;
			buildPhases = (
				7B2F49EF29DF661100DFCE8B /* Sources */,
				7B2F49F029DF661100DFCE8B /* Frameworks */,
				7B2F49F129DF661100DFCE8B /* Resources */,
			);
			buildRules = (
			);
			dependencies = (
				7B2F49F529DF661100DFCE8B /* PBXTargetDependency */,
			);
			name = DeepLinkTests;
			productName = DeepLinkTests;
			productReference = 7B2F49F329DF661100DFCE8B /* DeepLinkTests.xctest */;
			productType = "com.apple.product-type.bundle.unit-test";
		};
		7B2F49FC29DF661100DFCE8B /* DeepLinkUITests */ = {
			isa = PBXNativeTarget;
			buildConfigurationList = 7B2F4A0D29DF661100DFCE8B /* Build configuration list for PBXNativeTarget "DeepLinkUITests" */;
			buildPhases = (
				7B2F49F929DF661100DFCE8B /* Sources */,
				7B2F49FA29DF661100DFCE8B /* Frameworks */,
				7B2F49FB29DF661100DFCE8B /* Resources */,
			);
			buildRules = (
			);
			dependencies = (
				7B2F49FF29DF661100DFCE8B /* PBXTargetDependency */,
			);
			name = DeepLinkUITests;
			productName = DeepLinkUITests;
			productReference = 7B2F49FD29DF661100DFCE8B /* DeepLinkUITests.xctest */;
			productType = "com.apple.product-type.bundle.ui-testing";
		};
/* End PBXNativeTarget section */

/* Begin PBXProject section */
		7B2F49DB29DF660E00DFCE8B /* Project object */ = {
			isa = PBXProject;
			attributes = {
				BuildIndependentTargetsInParallel = 1;
				LastSwiftUpdateCheck = 1420;
				LastUpgradeCheck = 1420;
				TargetAttributes = {
					7B2F49E229DF660E00DFCE8B = {
						CreatedOnToolsVersion = 14.2;
					};
					7B2F49F229DF661100DFCE8B = {
						CreatedOnToolsVersion = 14.2;
						TestTargetID = 7B2F49E229DF660E00DFCE8B;
					};
					7B2F49FC29DF661100DFCE8B = {
						CreatedOnToolsVersion = 14.2;
						TestTargetID = 7B2F49E229DF660E00DFCE8B;
					};
				};
			};
			buildConfigurationList = 7B2F49DE29DF660E00DFCE8B /* Build configuration list for PBXProject "DeepLink" */;
			compatibilityVersion = "Xcode 14.0";
			developmentRegion = en;
			hasScannedForEncodings = 0;
			knownRegions = (
				en,
				Base,
			);
			mainGroup = 7B2F49DA29DF660E00DFCE8B;
			productRefGroup = 7B2F49E429DF660E00DFCE8B /* Products */;
			projectDirPath = "";
			projectRoot = "";
			targets = (
				7B2F49E229DF660E00DFCE8B /* DeepLink */,
				7B2F49F229DF661100DFCE8B /* DeepLinkTests */,
				7B2F49FC29DF661100DFCE8B /* DeepLinkUITests */,
			);
		};
/* End PBXProject section */

/* Begin PBXResourcesBuildPhase section */
		7B2F49E129DF660E00DFCE8B /* Resources */ = {
			isa = PBXResourcesBuildPhase;
			buildActionMask = 2147483647;
			files = (
				7B2F49EE29DF661100DFCE8B /* Preview Assets.xcassets in Resources */,
				7B2F49EB29DF661100DFCE8B /* Assets.xcassets in Resources */,
			);
			runOnlyForDeploymentPostprocessing = 0;
		};
		7B2F49F129DF661100DFCE8B /* Resources */ = {
			isa = PBXResourcesBuildPhase;
			buildActionMask = 2147483647;
			files = (
			);
			runOnlyForDeploymentPostprocessing = 0;
		};
		7B2F49FB29DF661100DFCE8B /* Resources */ = {
			isa = PBXResourcesBuildPhase;
			buildActionMask = 2147483647;
			files = (
			);
			runOnlyForDeploymentPostprocessing = 0;
		};
/* End PBXResourcesBuildPhase section */

/* Begin PBXSourcesBuildPhase section */
		7B2F49DF29DF660E00DFCE8B /* Sources */ = {
			isa = PBXSourcesBuildPhase;
			buildActionMask = 2147483647;
			files = (
				7B2F4A1329DF67CB00DFCE8B /* Tab.swift in Sources */,
				7B2F4A1E29DF6A1A00DFCE8B /* SettingsStack.swift in Sources */,
				7B2F4A1829DF69DF00DFCE8B /* HomeStack.swift in Sources */,
				7B2F49E929DF660E00DFCE8B /* ContentView.swift in Sources */,
				7B2F4A1A29DF69ED00DFCE8B /* FavoriteStack.swift in Sources */,
				7B2F49E729DF660E00DFCE8B /* DeepLinkApp.swift in Sources */,
			);
			runOnlyForDeploymentPostprocessing = 0;
		};
		7B2F49EF29DF661100DFCE8B /* Sources */ = {
			isa = PBXSourcesBuildPhase;
			buildActionMask = 2147483647;
			files = (
				7B2F49F829DF661100DFCE8B /* DeepLinkTests.swift in Sources */,
			);
			runOnlyForDeploymentPostprocessing = 0;
		};
		7B2F49F929DF661100DFCE8B /* Sources */ = {
			isa = PBXSourcesBuildPhase;
			buildActionMask = 2147483647;
			files = (
				7B2F4A0429DF661100DFCE8B /* DeepLinkUITestsLaunchTests.swift in Sources */,
				7B2F4A0229DF661100DFCE8B /* DeepLinkUITests.swift in Sources */,
			);
			runOnlyForDeploymentPostprocessing = 0;
		};
/* End PBXSourcesBuildPhase section */

/* Begin PBXTargetDependency section */
		7B2F49F529DF661100DFCE8B /* PBXTargetDependency */ = {
			isa = PBXTargetDependency;
			target = 7B2F49E229DF660E00DFCE8B /* DeepLink */;
			targetProxy = 7B2F49F429DF661100DFCE8B /* PBXContainerItemProxy */;
		};
		7B2F49FF29DF661100DFCE8B /* PBXTargetDependency */ = {
			isa = PBXTargetDependency;
			target = 7B2F49E229DF660E00DFCE8B /* DeepLink */;
			targetProxy = 7B2F49FE29DF661100DFCE8B /* PBXContainerItemProxy */;
		};
/* End PBXTargetDependency section */

/* Begin XCBuildConfiguration section */
		7B2F4A0529DF661100DFCE8B /* Debug */ = {
			isa = XCBuildConfiguration;
			buildSettings = {
				ALWAYS_SEARCH_USER_PATHS = NO;
				CLANG_ANALYZER_NONNULL = YES;
				CLANG_ANALYZER_NUMBER_OBJECT_CONVERSION = YES_AGGRESSIVE;
				CLANG_CXX_LANGUAGE_STANDARD = "gnu++20";
				CLANG_ENABLE_MODULES = YES;
				CLANG_ENABLE_OBJC_ARC = YES;
				CLANG_ENABLE_OBJC_WEAK = YES;
				CLANG_WARN_BLOCK_CAPTURE_AUTORELEASING = YES;
				CLANG_WARN_BOOL_CONVERSION = YES;
				CLANG_WARN_COMMA = YES;
				CLANG_WARN_CONSTANT_CONVERSION = YES;
				CLANG_WARN_DEPRECATED_OBJC_IMPLEMENTATIONS = YES;
				CLANG_WARN_DIRECT_OBJC_ISA_USAGE = YES_ERROR;
				CLANG_WARN_DOCUMENTATION_COMMENTS = YES;
				CLANG_WARN_EMPTY_BODY = YES;
				CLANG_WARN_ENUM_CONVERSION = YES;
				CLANG_WARN_INFINITE_RECURSION = YES;
				CLANG_WARN_INT_CONVERSION = YES;
				CLANG_WARN_NON_LITERAL_NULL_CONVERSION = YES;
				CLANG_WARN_OBJC_IMPLICIT_RETAIN_SELF = YES;
				CLANG_WARN_OBJC_LITERAL_CONVERSION = YES;
				CLANG_WARN_OBJC_ROOT_CLASS = YES_ERROR;
				CLANG_WARN_QUOTED_INCLUDE_IN_FRAMEWORK_HEADER = YES;
				CLANG_WARN_RANGE_LOOP_ANALYSIS = YES;
				CLANG_WARN_STRICT_PROTOTYPES = YES;
				CLANG_WARN_SUSPICIOUS_MOVE = YES;
				CLANG_WARN_UNGUARDED_AVAILABILITY = YES_AGGRESSIVE;
				CLANG_WARN_UNREACHABLE_CODE = YES;
				CLANG_WARN__DUPLICATE_METHOD_MATCH = YES;
				COPY_PHASE_STRIP = NO;
				DEBUG_INFORMATION_FORMAT = dwarf;
				ENABLE_STRICT_OBJC_MSGSEND = YES;
				ENABLE_TESTABILITY = YES;
				GCC_C_LANGUAGE_STANDARD = gnu11;
				GCC_DYNAMIC_NO_PIC = NO;
				GCC_NO_COMMON_BLOCKS = YES;
				GCC_OPTIMIZATION_LEVEL = 0;
				GCC_PREPROCESSOR_DEFINITIONS = (
					"DEBUG=1",
					"$(inherited)",
				);
				GCC_WARN_64_TO_32_BIT_CONVERSION = YES;
				GCC_WARN_ABOUT_RETURN_TYPE = YES_ERROR;
				GCC_WARN_UNDECLARED_SELECTOR = YES;
				GCC_WARN_UNINITIALIZED_AUTOS = YES_AGGRESSIVE;
				GCC_WARN_UNUSED_FUNCTION = YES;
				GCC_WARN_UNUSED_VARIABLE = YES;
				IPHONEOS_DEPLOYMENT_TARGET = 16.2;
				MTL_ENABLE_DEBUG_INFO = INCLUDE_SOURCE;
				MTL_FAST_MATH = YES;
				ONLY_ACTIVE_ARCH = YES;
				SDKROOT = iphoneos;
				SWIFT_ACTIVE_COMPILATION_CONDITIONS = DEBUG;
				SWIFT_OPTIMIZATION_LEVEL = "-Onone";
			};
			name = Debug;
		};
		7B2F4A0629DF661100DFCE8B /* Release */ = {
			isa = XCBuildConfiguration;
			buildSettings = {
				ALWAYS_SEARCH_USER_PATHS = NO;
				CLANG_ANALYZER_NONNULL = YES;
				CLANG_ANALYZER_NUMBER_OBJECT_CONVERSION = YES_AGGRESSIVE;
				CLANG_CXX_LANGUAGE_STANDARD = "gnu++20";
				CLANG_ENABLE_MODULES = YES;
				CLANG_ENABLE_OBJC_ARC = YES;
				CLANG_ENABLE_OBJC_WEAK = YES;
				CLANG_WARN_BLOCK_CAPTURE_AUTORELEASING = YES;
				CLANG_WARN_BOOL_CONVERSION = YES;
				CLANG_WARN_COMMA = YES;
				CLANG_WARN_CONSTANT_CONVERSION = YES;
				CLANG_WARN_DEPRECATED_OBJC_IMPLEMENTATIONS = YES;
				CLANG_WARN_DIRECT_OBJC_ISA_USAGE = YES_ERROR;
				CLANG_WARN_DOCUMENTATION_COMMENTS = YES;
				CLANG_WARN_EMPTY_BODY = YES;
				CLANG_WARN_ENUM_CONVERSION = YES;
				CLANG_WARN_INFINITE_RECURSION = YES;
				CLANG_WARN_INT_CONVERSION = YES;
				CLANG_WARN_NON_LITERAL_NULL_CONVERSION = YES;
				CLANG_WARN_OBJC_IMPLICIT_RETAIN_SELF = YES;
				CLANG_WARN_OBJC_LITERAL_CONVERSION = YES;
				CLANG_WARN_OBJC_ROOT_CLASS = YES_ERROR;
				CLANG_WARN_QUOTED_INCLUDE_IN_FRAMEWORK_HEADER = YES;
				CLANG_WARN_RANGE_LOOP_ANALYSIS = YES;
				CLANG_WARN_STRICT_PROTOTYPES = YES;
				CLANG_WARN_SUSPICIOUS_MOVE = YES;
				CLANG_WARN_UNGUARDED_AVAILABILITY = YES_AGGRESSIVE;
				CLANG_WARN_UNREACHABLE_CODE = YES;
				CLANG_WARN__DUPLICATE_METHOD_MATCH = YES;
				COPY_PHASE_STRIP = NO;
				DEBUG_INFORMATION_FORMAT = "dwarf-with-dsym";
				ENABLE_NS_ASSERTIONS = NO;
				ENABLE_STRICT_OBJC_MSGSEND = YES;
				GCC_C_LANGUAGE_STANDARD = gnu11;
				GCC_NO_COMMON_BLOCKS = YES;
				GCC_WARN_64_TO_32_BIT_CONVERSION = YES;
				GCC_WARN_ABOUT_RETURN_TYPE = YES_ERROR;
				GCC_WARN_UNDECLARED_SELECTOR = YES;
				GCC_WARN_UNINITIALIZED_AUTOS = YES_AGGRESSIVE;
				GCC_WARN_UNUSED_FUNCTION = YES;
				GCC_WARN_UNUSED_VARIABLE = YES;
				IPHONEOS_DEPLOYMENT_TARGET = 16.2;
				MTL_ENABLE_DEBUG_INFO = NO;
				MTL_FAST_MATH = YES;
				SDKROOT = iphoneos;
				SWIFT_COMPILATION_MODE = wholemodule;
				SWIFT_OPTIMIZATION_LEVEL = "-O";
				VALIDATE_PRODUCT = YES;
			};
			name = Release;
		};
		7B2F4A0829DF661100DFCE8B /* Debug */ = {
			isa = XCBuildConfiguration;
			buildSettings = {
				ASSETCATALOG_COMPILER_APPICON_NAME = AppIcon;
				ASSETCATALOG_COMPILER_GLOBAL_ACCENT_COLOR_NAME = AccentColor;
				CODE_SIGN_STYLE = Automatic;
				CURRENT_PROJECT_VERSION = 1;
				DEVELOPMENT_ASSET_PATHS = "\"DeepLink/Preview Content\"";
				DEVELOPMENT_TEAM = XRR5P3RD3X;
				ENABLE_PREVIEWS = YES;
				GENERATE_INFOPLIST_FILE = YES;
				INFOPLIST_KEY_UIApplicationSceneManifest_Generation = YES;
				INFOPLIST_KEY_UIApplicationSupportsIndirectInputEvents = YES;
				INFOPLIST_KEY_UILaunchScreen_Generation = YES;
				INFOPLIST_KEY_UISupportedInterfaceOrientations_iPad = "UIInterfaceOrientationPortrait UIInterfaceOrientationPortraitUpsideDown UIInterfaceOrientationLandscapeLeft UIInterfaceOrientationLandscapeRight";
				INFOPLIST_KEY_UISupportedInterfaceOrientations_iPhone = "UIInterfaceOrientationPortrait UIInterfaceOrientationLandscapeLeft UIInterfaceOrientationLandscapeRight";
				LD_RUNPATH_SEARCH_PATHS = (
					"$(inherited)",
					"@executable_path/Frameworks",
				);
				MARKETING_VERSION = 1.0;
				PRODUCT_BUNDLE_IDENTIFIER = abdullahkaraboga.DeepLink;
				PRODUCT_NAME = "$(TARGET_NAME)";
				SWIFT_EMIT_LOC_STRINGS = YES;
				SWIFT_VERSION = 5.0;
				TARGETED_DEVICE_FAMILY = "1,2";
			};
			name = Debug;
		};
		7B2F4A0929DF661100DFCE8B /* Release */ = {
			isa = XCBuildConfiguration;
			buildSettings = {
				ASSETCATALOG_COMPILER_APPICON_NAME = AppIcon;
				ASSETCATALOG_COMPILER_GLOBAL_ACCENT_COLOR_NAME = AccentColor;
				CODE_SIGN_STYLE = Automatic;
				CURRENT_PROJECT_VERSION = 1;
				DEVELOPMENT_ASSET_PATHS = "\"DeepLink/Preview Content\"";
				DEVELOPMENT_TEAM = XRR5P3RD3X;
				ENABLE_PREVIEWS = YES;
				GENERATE_INFOPLIST_FILE = YES;
				INFOPLIST_KEY_UIApplicationSceneManifest_Generation = YES;
				INFOPLIST_KEY_UIApplicationSupportsIndirectInputEvents = YES;
				INFOPLIST_KEY_UILaunchScreen_Generation = YES;
				INFOPLIST_KEY_UISupportedInterfaceOrientations_iPad = "UIInterfaceOrientationPortrait UIInterfaceOrientationPortraitUpsideDown UIInterfaceOrientationLandscapeLeft UIInterfaceOrientationLandscapeRight";
				INFOPLIST_KEY_UISupportedInterfaceOrientations_iPhone = "UIInterfaceOrientationPortrait UIInterfaceOrientationLandscapeLeft UIInterfaceOrientationLandscapeRight";
				LD_RUNPATH_SEARCH_PATHS = (
					"$(inherited)",
					"@executable_path/Frameworks",
				);
				MARKETING_VERSION = 1.0;
				PRODUCT_BUNDLE_IDENTIFIER = abdullahkaraboga.DeepLink;
				PRODUCT_NAME = "$(TARGET_NAME)";
				SWIFT_EMIT_LOC_STRINGS = YES;
				SWIFT_VERSION = 5.0;
				TARGETED_DEVICE_FAMILY = "1,2";
			};
			name = Release;
		};
		7B2F4A0B29DF661100DFCE8B /* Debug */ = {
			isa = XCBuildConfiguration;
			buildSettings = {
				ALWAYS_EMBED_SWIFT_STANDARD_LIBRARIES = YES;
				BUNDLE_LOADER = "$(TEST_HOST)";
				CODE_SIGN_STYLE = Automatic;
				CURRENT_PROJECT_VERSION = 1;
				DEVELOPMENT_TEAM = XRR5P3RD3X;
				GENERATE_INFOPLIST_FILE = YES;
				IPHONEOS_DEPLOYMENT_TARGET = 16.2;
				MARKETING_VERSION = 1.0;
				PRODUCT_BUNDLE_IDENTIFIER = abdullahkaraboga.DeepLinkTests;
				PRODUCT_NAME = "$(TARGET_NAME)";
				SWIFT_EMIT_LOC_STRINGS = NO;
				SWIFT_VERSION = 5.0;
				TARGETED_DEVICE_FAMILY = "1,2";
				TEST_HOST = "$(BUILT_PRODUCTS_DIR)/DeepLink.app/$(BUNDLE_EXECUTABLE_FOLDER_PATH)/DeepLink";
			};
			name = Debug;
		};
		7B2F4A0C29DF661100DFCE8B /* Release */ = {
			isa = XCBuildConfiguration;
			buildSettings = {
				ALWAYS_EMBED_SWIFT_STANDARD_LIBRARIES = YES;
				BUNDLE_LOADER = "$(TEST_HOST)";
				CODE_SIGN_STYLE = Automatic;
				CURRENT_PROJECT_VERSION = 1;
				DEVELOPMENT_TEAM = XRR5P3RD3X;
				GENERATE_INFOPLIST_FILE = YES;
				IPHONEOS_DEPLOYMENT_TARGET = 16.2;
				MARKETING_VERSION = 1.0;
				PRODUCT_BUNDLE_IDENTIFIER = abdullahkaraboga.DeepLinkTests;
				PRODUCT_NAME = "$(TARGET_NAME)";
				SWIFT_EMIT_LOC_STRINGS = NO;
				SWIFT_VERSION = 5.0;
				TARGETED_DEVICE_FAMILY = "1,2";
				TEST_HOST = "$(BUILT_PRODUCTS_DIR)/DeepLink.app/$(BUNDLE_EXECUTABLE_FOLDER_PATH)/DeepLink";
			};
			name = Release;
		};
		7B2F4A0E29DF661100DFCE8B /* Debug */ = {
			isa = XCBuildConfiguration;
			buildSettings = {
				ALWAYS_EMBED_SWIFT_STANDARD_LIBRARIES = YES;
				CODE_SIGN_STYLE = Automatic;
				CURRENT_PROJECT_VERSION = 1;
				DEVELOPMENT_TEAM = XRR5P3RD3X;
				GENERATE_INFOPLIST_FILE = YES;
				MARKETING_VERSION = 1.0;
				PRODUCT_BUNDLE_IDENTIFIER = abdullahkaraboga.DeepLinkUITests;
				PRODUCT_NAME = "$(TARGET_NAME)";
				SWIFT_EMIT_LOC_STRINGS = NO;
				SWIFT_VERSION = 5.0;
				TARGETED_DEVICE_FAMILY = "1,2";
				TEST_TARGET_NAME = DeepLink;
			};
			name = Debug;
		};
		7B2F4A0F29DF661100DFCE8B /* Release */ = {
			isa = XCBuildConfiguration;
			buildSettings = {
				ALWAYS_EMBED_SWIFT_STANDARD_LIBRARIES = YES;
				CODE_SIGN_STYLE = Automatic;
				CURRENT_PROJECT_VERSION = 1;
				DEVELOPMENT_TEAM = XRR5P3RD3X;
				GENERATE_INFOPLIST_FILE = YES;
				MARKETING_VERSION = 1.0;
				PRODUCT_BUNDLE_IDENTIFIER = abdullahkaraboga.DeepLinkUITests;
				PRODUCT_NAME = "$(TARGET_NAME)";
				SWIFT_EMIT_LOC_STRINGS = NO;
				SWIFT_VERSION = 5.0;
				TARGETED_DEVICE_FAMILY = "1,2";
				TEST_TARGET_NAME = DeepLink;
			};
			name = Release;
		};
/* End XCBuildConfiguration section */

/* Begin XCConfigurationList section */
		7B2F49DE29DF660E00DFCE8B /* Build configuration list for PBXProject "DeepLink" */ = {
			isa = XCConfigurationList;
			buildConfigurations = (
				7B2F4A0529DF661100DFCE8B /* Debug */,
				7B2F4A0629DF661100DFCE8B /* Release */,
			);
			defaultConfigurationIsVisible = 0;
			defaultConfigurationName = Release;
		};
		7B2F4A0729DF661100DFCE8B /* Build configuration list for PBXNativeTarget "DeepLink" */ = {
			isa = XCConfigurationList;
			buildConfigurations = (
				7B2F4A0829DF661100DFCE8B /* Debug */,
				7B2F4A0929DF661100DFCE8B /* Release */,
			);
			defaultConfigurationIsVisible = 0;
			defaultConfigurationName = Release;
		};
		7B2F4A0A29DF661100DFCE8B /* Build configuration list for PBXNativeTarget "DeepLinkTests" */ = {
			isa = XCConfigurationList;
			buildConfigurations = (
				7B2F4A0B29DF661100DFCE8B /* Debug */,
				7B2F4A0C29DF661100DFCE8B /* Release */,
			);
			defaultConfigurationIsVisible = 0;
			defaultConfigurationName = Release;
		};
		7B2F4A0D29DF661100DFCE8B /* Build configuration list for PBXNativeTarget "DeepLinkUITests" */ = {
			isa = XCConfigurationList;
			buildConfigurations = (
				7B2F4A0E29DF661100DFCE8B /* Debug */,
				7B2F4A0F29DF661100DFCE8B /* Release */,
			);
			defaultConfigurationIsVisible = 0;
			defaultConfigurationName = Release;
		};
/* End XCConfigurationList section */
	};
	rootObject = 7B2F49DB29DF660E00DFCE8B /* Project object */;
}
